github.com/jonas-p/go-shp v0.1.1 h1:LY81nN67DBCz6VNFn2kS64CjmnDo9IP8rmSkTvhO9jE=
github.com/jonas-p/go-shp v0.1.1/go.mod h1:MRIhyxDQ6VVp0oYeD7yPGr5RSTNScUFKCDsI5DR7PtI=
github.com/lukeroth/gdal v0.0.0-20211109203239-b571df3ee436 h1:mYoUL9fl6Wm3TIjvkxrCt5jzFd59uC4/T2qewmSbdBU=
github.com/lukeroth/gdal v0.0.0-20211109203239-b571df3ee436/go.mod h1:990LoIckbqjGVDL6DNv2QIErCJZMMdUXt5n8WzEvUu0=
